
Microsoft Visual Studio Solution File, Format Version 12.00
# Visual Studio Version 17
VisualStudioVersion = 17.11.35222.181
MinimumVisualStudioVersion = 10.0.40219.1
Project("{FAE04EC0-301F-11D3-BF4B-00C04F79EFBC}") = "GeometryCalculator", "GeometryCalculator\GeometryCalculator.csproj", "{6A552468-EED3-4499-BC38-ACEC4BA207D6}"
EndProject
Project("{FAE04EC0-301F-11D3-BF4B-00C04F79EFBC}") = "GeometryLibrary", "GeometryLibrary\GeometryLibrary.csproj", "{8D9B1C69-5CB0-47B0-97B8-071836160843}"
EndProject
Project("{FAE04EC0-301F-11D3-BF4B-00C04F79EFBC}") = "GeometryCalculatorTests", "ShapeTests\GeometryCalculatorTests.csproj", "{BEB275BB-5002-4F6E-A322-1E5C6D652543}"
EndProject
Global
	GlobalSection(SolutionConfigurationPlatforms) = preSolution
		Debug|Any CPU = Debug|Any CPU
		Release|Any CPU = Release|Any CPU
	EndGlobalSection
	GlobalSection(ProjectConfigurationPlatforms) = postSolution
		{6A552468-EED3-4499-BC38-ACEC4BA207D6}.Debug|Any CPU.ActiveCfg = Debug|Any CPU
		{6A552468-EED3-4499-BC38-ACEC4BA207D6}.Debug|Any CPU.Build.0 = Debug|Any CPU
		{6A552468-EED3-4499-BC38-ACEC4BA207D6}.Release|Any CPU.ActiveCfg = Release|Any CPU
		{6A552468-EED3-4499-BC38-ACEC4BA207D6}.Release|Any CPU.Build.0 = Release|Any CPU
		{8D9B1C69-5CB0-47B0-97B8-071836160843}.Debug|Any CPU.ActiveCfg = Debug|Any CPU
		{8D9B1C69-5CB0-47B0-97B8-071836160843}.Debug|Any CPU.Build.0 = Debug|Any CPU
		{8D9B1C69-5CB0-47B0-97B8-071836160843}.Release|Any CPU.ActiveCfg = Release|Any CPU
		{8D9B1C69-5CB0-47B0-97B8-071836160843}.Release|Any CPU.Build.0 = Release|Any CPU
		{BEB275BB-5002-4F6E-A322-1E5C6D652543}.Debug|Any CPU.ActiveCfg = Debug|Any CPU
		{BEB275BB-5002-4F6E-A322-1E5C6D652543}.Debug|Any CPU.Build.0 = Debug|Any CPU
		{BEB275BB-5002-4F6E-A322-1E5C6D652543}.Release|Any CPU.ActiveCfg = Release|Any CPU
		{BEB275BB-5002-4F6E-A322-1E5C6D652543}.Release|Any CPU.Build.0 = Release|Any CPU
	EndGlobalSection
	GlobalSection(SolutionProperties) = preSolution
		HideSolutionNode = FALSE
	EndGlobalSection
	GlobalSection(ExtensibilityGlobals) = postSolution
		SolutionGuid = {8B36EE9A-E6EE-4B16-8C09-DC63E518C06A}
	EndGlobalSection
EndGlobal
